#MicroXplorer Configuration settings - do not modify
Mcu.Family=STM32F4
RCC.PLLSourceVirtual=RCC_PLLSOURCE_HSE
ProjectManager.MainLocation=Core/Src
ProjectManager.ProjectFileName=ADC2CANTest.ioc
Dma.ADC1.0.Instance=DMA2_Stream0
RCC.CortexFreq_Value=180000000
ADC1.Rank-0\#ChannelRegularConversion=1
ProjectManager.KeepUserCode=true
Mcu.UserName=STM32F429ZITx
Mcu.PinsNb=12
ADC1.ContinuousConvMode=ENABLE
ProjectManager.NoMain=false
ADC1.IPParameters=Rank-0\#ChannelRegularConversion,master,Channel-0\#ChannelRegularConversion,SamplingTime-0\#ChannelRegularConversion,NbrOfConversionFlag,ScanConvMode,ContinuousConvMode,DMAContinuousRequests
RCC.PLLCLKFreq_Value=180000000
PC12.Signal=UART5_TX
CAN1.IPParameters=CalculateTimeQuantum,CalculateTimeBit,CalculateBaudRate,BS1,Prescaler,BS2
RCC.PLLQCLKFreq_Value=90000000
CAN1.CalculateBaudRate=250000
ProjectManager.functionlistsort=1-MX_GPIO_Init-GPIO-false-HAL-true,2-MX_DMA_Init-DMA-false-HAL-true,3-SystemClock_Config-RCC-false-HAL-false,4-MX_CAN1_Init-CAN1-false-HAL-true,5-MX_UART5_Init-UART5-false-HAL-true,6-MX_ADC1_Init-ADC1-false-HAL-true
PA11.Mode=CAN_Activate
SH.GPXTI0.ConfNb=1
RCC.RTCFreq_Value=32768
PA0/WKUP.Signal=GPXTI0
ProjectManager.DefaultFWLocation=true
RCC.VCOSAIOutputFreq_ValueQ=24500000
PC14/OSC32_IN.Mode=LSE-External-Oscillator
RCC.VCOSAIOutputFreq_ValueR=49000000
ProjectManager.DeletePrevious=true
UART5.VirtualMode=Asynchronous
RCC.APB1CLKDivider=RCC_HCLK_DIV4
PinOutPanel.RotationAngle=0
RCC.FamilyName=M
RCC.SYSCLKSource=RCC_SYSCLKSOURCE_PLLCLK
ProjectManager.StackSize=0x400
RCC.SAI_BClocksFreq_Value=24500000
VP_TIM7_VS_ClockSourceINT.Mode=Enable_Timer
Mcu.IP4=RCC
RCC.FCLKCortexFreq_Value=180000000
Mcu.IP5=SYS
Mcu.IP2=DMA
NVIC.SVCall_IRQn=true\:0\:0\:false\:false\:true\:false\:false
Mcu.IP3=NVIC
Mcu.IP0=ADC1
Dma.ADC1.0.PeriphDataAlignment=DMA_PDATAALIGN_HALFWORD
Mcu.IP1=CAN1
PA12.Signal=CAN1_TX
CAN1.BS2=CAN_BS2_3TQ
Mcu.UserConstants=
CAN1.BS1=CAN_BS1_16TQ
ProjectManager.TargetToolchain=STM32CubeIDE
RCC.LCDTFTFreq_Value=24500000
RCC.RCC_RTC_Clock_Source=RCC_RTCCLKSOURCE_LSE
Dma.ADC1.0.Mode=DMA_CIRCULAR
Mcu.ThirdPartyNb=0
SH.ADCx_IN7.0=ADC1_IN7,IN7
PH0/OSC_IN.Mode=HSE-External-Oscillator
RCC.HCLKFreq_Value=180000000
Mcu.IPNb=8
RCC.I2SClocksFreq_Value=192000000
ProjectManager.PreviousToolchain=STM32CubeIDE
Dma.ADC1.0.Priority=DMA_PRIORITY_LOW
RCC.APB2TimFreq_Value=180000000
Dma.ADC1.0.Direction=DMA_PERIPH_TO_MEMORY
RCC.VcooutputI2S=192000000
PA0/WKUP.Locked=true
RCC.VcooutputI2SQ=192000000
PH1/OSC_OUT.Signal=RCC_OSC_OUT
SH.ADCx_IN7.ConfNb=1
Mcu.Pin6=PA11
TIM7.Period=8999
Mcu.Pin7=PA12
NVIC.DMA2_Stream0_IRQn=true\:0\:0\:false\:false\:true\:false\:true
ProjectManager.RegisterCallBack=
Mcu.Pin8=PC12
Mcu.Pin9=PD2
RCC.VCOSAIOutputFreq_Value=98000000
Dma.ADC1.0.MemDataAlignment=DMA_MDATAALIGN_HALFWORD
RCC.AHBFreq_Value=180000000
Mcu.Pin0=PC14/OSC32_IN
Mcu.Pin1=PC15/OSC32_OUT
GPIO.groupedBy=Group By Peripherals
Mcu.Pin2=PH0/OSC_IN
Mcu.Pin3=PH1/OSC_OUT
Mcu.Pin4=PA0/WKUP
RCC.VCOI2SOutputFreq_Value=384000000
Mcu.Pin5=PA7
PD2.Mode=Asynchronous
ADC1.Channel-0\#ChannelRegularConversion=ADC_CHANNEL_7
ProjectManager.ProjectBuild=false
RCC.HSE_VALUE=8000000
NVIC.UsageFault_IRQn=true\:0\:0\:false\:false\:true\:false\:false
PC12.Mode=Asynchronous
NVIC.DebugMonitor_IRQn=true\:0\:0\:false\:false\:true\:false\:false
ADC1.ScanConvMode=ENABLE
TIM7.Prescaler=9
board=custom
RCC.VCOOutputFreq_Value=360000000
NVIC.SysTick_IRQn=true\:0\:0\:false\:false\:true\:false\:true
ProjectManager.LastFirmware=true
Dma.ADC1.0.RequestParameters=Instance,Direction,PeriphInc,MemInc,PeriphDataAlignment,MemDataAlignment,Mode,Priority,FIFOMode
ProjectManager.FirmwarePackage=STM32Cube FW_F4 V1.26.1
PH0/OSC_IN.Signal=RCC_OSC_IN
MxDb.Version=DB.6.0.21
RCC.APB2Freq_Value=90000000
VP_TIM7_VS_ClockSourceINT.Signal=TIM7_VS_ClockSourceINT
ProjectManager.BackupPrevious=false
TIM7.IPParameters=Prescaler,Period
MxCube.Version=6.2.1
RCC.VCOInputFreq_Value=2000000
Dma.ADC1.0.PeriphInc=DMA_PINC_DISABLE
File.Version=6
VP_SYS_VS_Systick.Mode=SysTick
RCC.EthernetFreq_Value=180000000
RCC.RCC_RTC_Clock_SourceVirtual=RCC_RTCCLKSOURCE_LSE
NVIC.NonMaskableInt_IRQn=true\:0\:0\:false\:false\:true\:false\:false
NVIC.PendSV_IRQn=true\:0\:0\:false\:false\:true\:false\:false
ADC1.DMAContinuousRequests=ENABLE
ProjectManager.FreePins=false
RCC.IPParameters=48MHZClocksFreq_Value,AHBFreq_Value,APB1CLKDivider,APB1Freq_Value,APB1TimFreq_Value,APB2CLKDivider,APB2Freq_Value,APB2TimFreq_Value,CortexFreq_Value,EthernetFreq_Value,FCLKCortexFreq_Value,FamilyName,HCLKFreq_Value,HSE_VALUE,HSI_VALUE,I2SClocksFreq_Value,LCDTFTFreq_Value,LSI_VALUE,MCO2PinFreq_Value,PLLCLKFreq_Value,PLLM,PLLN,PLLQCLKFreq_Value,PLLSourceVirtual,RCC_RTC_Clock_Source,RCC_RTC_Clock_SourceVirtual,RTCFreq_Value,RTCHSEDivFreq_Value,SAI_AClocksFreq_Value,SAI_BClocksFreq_Value,SYSCLKFreq_VALUE,SYSCLKSource,VCOI2SOutputFreq_Value,VCOInputFreq_Value,VCOOutputFreq_Value,VCOSAIOutputFreq_Value,VCOSAIOutputFreq_ValueQ,VCOSAIOutputFreq_ValueR,VcooutputI2S,VcooutputI2SQ
PH1/OSC_OUT.Mode=HSE-External-Oscillator
ProjectManager.AskForMigrate=true
Mcu.Name=STM32F429ZITx
Dma.RequestsNb=1
ProjectManager.HalAssertFull=false
ADC1.SamplingTime-0\#ChannelRegularConversion=ADC_SAMPLETIME_28CYCLES
RCC.RTCHSEDivFreq_Value=4000000
ProjectManager.ProjectName=ADC2CANTest
ProjectManager.UnderRoot=true
Mcu.IP6=TIM7
Mcu.IP7=UART5
ProjectManager.CoupleFile=false
RCC.48MHZClocksFreq_Value=90000000
RCC.MCO2PinFreq_Value=180000000
NVIC.EXTI0_IRQn=true\:0\:0\:false\:false\:true\:true\:true
RCC.SYSCLKFreq_VALUE=180000000
CAN1.Prescaler=9
Mcu.Package=LQFP144
ADC1.master=1
PA12.Mode=CAN_Activate
NVIC.ForceEnableDMAVector=true
KeepUserPlacement=false
PC14/OSC32_IN.Signal=RCC_OSC32_IN
NVIC.MemoryManagement_IRQn=true\:0\:0\:false\:false\:true\:false\:false
PC15/OSC32_OUT.Mode=LSE-External-Oscillator
ProjectManager.CompilerOptimize=6
ProjectManager.ToolChainLocation=
RCC.LSI_VALUE=32000
SH.GPXTI0.0=GPIO_EXTI0
PA11.Signal=CAN1_RX
VP_SYS_VS_Systick.Signal=SYS_VS_Systick
Dma.ADC1.0.MemInc=DMA_MINC_ENABLE
ProjectManager.HeapSize=0x200
NVIC.HardFault_IRQn=true\:0\:0\:false\:false\:true\:false\:false
UART5.IPParameters=VirtualMode
ProjectManager.ComputerToolchain=false
RCC.HSI_VALUE=16000000
NVIC.PriorityGroup=NVIC_PRIORITYGROUP_4
ADC1.NbrOfConversionFlag=1
RCC.APB2CLKDivider=RCC_HCLK_DIV2
Mcu.Pin11=VP_TIM7_VS_ClockSourceINT
RCC.PLLM=4
RCC.PLLN=180
Mcu.Pin10=VP_SYS_VS_Systick
RCC.APB1TimFreq_Value=90000000
NVIC.BusFault_IRQn=true\:0\:0\:false\:false\:true\:false\:false
Dma.ADC1.0.FIFOMode=DMA_FIFOMODE_DISABLE
PC15/OSC32_OUT.Signal=RCC_OSC32_OUT
PD2.Signal=UART5_RX
Dma.Request0=ADC1
RCC.APB1Freq_Value=45000000
CAN1.CalculateTimeBit=4000.00
NVIC.TIM7_IRQn=true\:0\:0\:false\:false\:true\:true\:true
ProjectManager.CustomerFirmwarePackage=
ProjectManager.DeviceId=STM32F429ZITx
ProjectManager.LibraryCopy=1
NVIC.CAN1_RX0_IRQn=true\:0\:0\:false\:false\:true\:true\:true
RCC.SAI_AClocksFreq_Value=24500000
CAN1.CalculateTimeQuantum=200.0
PA7.Signal=ADCx_IN7
isbadioc=false
